<?xml version="1.0"?>
<CONFIG>
  <ProjectOptions>
    <PathDelim Value="\"/>
    <Version Value="7"/>
    <General>
      <Flags>
        <AlwaysBuild Value="False"/>
      </Flags>
      <MainUnit Value="0"/>
      <TargetFileExt Value=".exe"/>
      <Title Value="CPU-8E"/>
      <UseAppBundle Value="False"/>
      <Icon Value="0"/>
      <UseXPManifest Value="True"/>
      <ActiveEditorIndexAtStart Value="2"/>
    </General>
    <i18n>
      <EnableI18N Value="True"/>
    </i18n>
    <VersionInfo>
      <ProjectVersion Value=""/>
    </VersionInfo>
    <PublishOptions>
      <Version Value="2"/>
      <IgnoreBinaries Value="False"/>
      <IncludeFileFilter Value="*.(pas|pp|inc|lfm|lpr|lrs|lpi|lpk|sh|xml)"/>
      <ExcludeFileFilter Value="*.(bak|ppu|ppw|o|so);*~;backup"/>
    </PublishOptions>
    <RunParams>
      <local>
        <FormatVersion Value="1"/>
        <LaunchingApplication PathPlusParams="/usr/X11R6/bin/xterm -T 'Lazarus Run Output' -e $(LazarusDir)/tools/runwait.sh $(TargetCmdLine)"/>
      </local>
    </RunParams>
    <RequiredPackages Count="1">
      <Item1>
        <PackageName Value="LCL"/>
      </Item1>
    </RequiredPackages>
    <Units Count="27">
      <Unit0>
        <Filename Value="CPU8E_Main.lpr"/>
        <IsPartOfProject Value="True"/>
        <UnitName Value="CPU8E_Main"/>
        <CursorPos X="10" Y="9"/>
        <TopLine Value="1"/>
        <EditorIndex Value="0"/>
        <UsageCount Value="112"/>
        <Loaded Value="True"/>
        <SyntaxHighlighter Value="Delphi"/>
      </Unit0>
      <Unit1>
        <Filename Value="CPU8E_Panel.pas"/>
        <ComponentName Value="frmCPU"/>
        <HasResources Value="True"/>
        <ResourceBaseClass Value="Form"/>
        <UnitName Value="CPU8E_Panel"/>
        <CursorPos X="12" Y="320"/>
        <TopLine Value="295"/>
        <EditorIndex Value="1"/>
        <UsageCount Value="53"/>
        <Loaded Value="True"/>
        <SyntaxHighlighter Value="Delphi"/>
      </Unit1>
      <Unit2>
        <Filename Value="CPU8E_Main.lrs"/>
        <CursorPos X="40" Y="5222"/>
        <TopLine Value="5179"/>
        <UsageCount Value="3"/>
        <SyntaxHighlighter Value="Delphi"/>
      </Unit2>
      <Unit3>
        <Filename Value="Main.pas"/>
        <UnitName Value="CPU8E_Simulator"/>
        <CursorPos X="21" Y="69"/>
        <TopLine Value="54"/>
        <UsageCount Value="38"/>
        <SyntaxHighlighter Value="Delphi"/>
      </Unit3>
      <Unit4>
        <Filename Value="CPU8E_Utils.pas"/>
        <UnitName Value="CPU8e_Utils"/>
        <CursorPos X="1" Y="1"/>
        <TopLine Value="1"/>
        <UsageCount Value="52"/>
        <SyntaxHighlighter Value="Delphi"/>
      </Unit4>
      <Unit5>
        <Filename Value="CPU8E_Oper.pas"/>
        <UnitName Value="CPU8E_Oper"/>
        <CursorPos X="3" Y="153"/>
        <TopLine Value="110"/>
        <UsageCount Value="53"/>
        <SyntaxHighlighter Value="Delphi"/>
      </Unit5>
      <Unit6>
        <Filename Value="CPU8E.pas"/>
        <UnitName Value="CPU8E"/>
        <CursorPos X="46" Y="230"/>
        <TopLine Value="126"/>
        <UsageCount Value="53"/>
        <SyntaxHighlighter Value="Delphi"/>
      </Unit6>
      <Unit7>
        <Filename Value="..\..\..\..\lazarus\lcl\grids.pas"/>
        <UnitName Value="Grids"/>
        <CursorPos X="15" Y="897"/>
        <TopLine Value="875"/>
        <UsageCount Value="6"/>
      </Unit7>
      <Unit8>
        <Filename Value="..\..\..\..\lazarus\lcl\dialogs.pp"/>
        <UnitName Value="Dialogs"/>
        <CursorPos X="10" Y="491"/>
        <TopLine Value="478"/>
        <UsageCount Value="3"/>
      </Unit8>
      <Unit9>
        <Filename Value="CPU8E_Control.pas"/>
        <UnitName Value="CPU8E_Control"/>
        <CursorPos X="18" Y="350"/>
        <TopLine Value="333"/>
        <EditorIndex Value="2"/>
        <UsageCount Value="53"/>
        <Loaded Value="True"/>
        <SyntaxHighlighter Value="Delphi"/>
      </Unit9>
      <Unit10>
        <Filename Value="..\..\..\..\lazarus\lcl\graphics.pp"/>
        <UnitName Value="Graphics"/>
        <CursorPos X="3" Y="250"/>
        <TopLine Value="228"/>
        <UsageCount Value="3"/>
      </Unit10>
      <Unit11>
        <Filename Value="..\..\..\..\lazarus\fpc\2.2.4\source\rtl\objpas\classes\classesh.inc"/>
        <CursorPos X="13" Y="33"/>
        <TopLine Value="11"/>
        <UsageCount Value="3"/>
      </Unit11>
      <Unit12>
        <Filename Value="..\..\..\..\lazarus\fpc\2.2.4\source\rtl\win32\classes.pp"/>
        <UnitName Value="Classes"/>
        <CursorPos X="6" Y="28"/>
        <TopLine Value="6"/>
        <UsageCount Value="3"/>
      </Unit12>
      <Unit13>
        <Filename Value="..\..\..\..\lazarus\fpc\2.2.4\source\rtl\objpas\types.pp"/>
        <UnitName Value="types"/>
        <CursorPos X="13" Y="21"/>
        <TopLine Value="21"/>
        <UsageCount Value="3"/>
      </Unit13>
      <Unit14>
        <Filename Value="..\..\..\..\lazarus\fpc\2.2.4\source\rtl\win32\windows.pp"/>
        <UnitName Value="windows"/>
        <CursorPos X="1" Y="1"/>
        <TopLine Value="25"/>
        <UsageCount Value="3"/>
      </Unit14>
      <Unit15>
        <Filename Value="..\..\..\..\lazarus\lcl\comctrls.pp"/>
        <UnitName Value="ComCtrls"/>
        <CursorPos X="35" Y="1259"/>
        <TopLine Value="1255"/>
        <UsageCount Value="8"/>
      </Unit15>
      <Unit16>
        <Filename Value="..\..\..\..\lazarus\lcl\include\progressbar.inc"/>
        <CursorPos X="31" Y="291"/>
        <TopLine Value="290"/>
        <UsageCount Value="8"/>
      </Unit16>
      <Unit17>
        <Filename Value="..\..\..\..\lazarus\lcl\controls.pp"/>
        <UnitName Value="Controls"/>
        <CursorPos X="31" Y="278"/>
        <TopLine Value="276"/>
        <UsageCount Value="12"/>
      </Unit17>
      <Unit18>
        <Filename Value="..\..\..\..\lazarus\lcl\include\control.inc"/>
        <CursorPos X="1" Y="4159"/>
        <TopLine Value="4142"/>
        <UsageCount Value="13"/>
      </Unit18>
      <Unit19>
        <Filename Value="..\..\..\..\lazarus\lcl\forms.pp"/>
        <UnitName Value="Forms"/>
        <CursorPos X="16" Y="721"/>
        <TopLine Value="704"/>
        <UsageCount Value="12"/>
      </Unit19>
      <Unit20>
        <Filename Value="..\..\..\..\lazarus\lcl\propertystorage.pas"/>
        <UnitName Value="PropertyStorage"/>
        <CursorPos X="39" Y="95"/>
        <TopLine Value="95"/>
        <UsageCount Value="12"/>
      </Unit20>
      <Unit21>
        <Filename Value="..\..\..\ExtPascal\CGIGateway.dpr"/>
        <UnitName Value="CGIGateway"/>
        <CursorPos X="1" Y="46"/>
        <TopLine Value="46"/>
        <UsageCount Value="10"/>
      </Unit21>
      <Unit22>
        <Filename Value="..\..\..\..\lazarus\lcl\imglist.pp"/>
        <UnitName Value="ImgList"/>
        <CursorPos X="36" Y="107"/>
        <TopLine Value="104"/>
        <UsageCount Value="10"/>
      </Unit22>
      <Unit23>
        <Filename Value="..\..\..\..\lazarus\lcl\lclclasses.pp"/>
        <UnitName Value="LCLClasses"/>
        <CursorPos X="3" Y="85"/>
        <TopLine Value="52"/>
        <UsageCount Value="10"/>
      </Unit23>
      <Unit24>
        <Filename Value="..\..\..\..\lazarus\lcl\extctrls.pp"/>
        <UnitName Value="ExtCtrls"/>
        <CursorPos X="1" Y="391"/>
        <TopLine Value="367"/>
        <UsageCount Value="10"/>
      </Unit24>
      <Unit25>
        <Filename Value="..\..\..\..\lazarus\lcl\include\shape.inc"/>
        <CursorPos X="1" Y="41"/>
        <TopLine Value="53"/>
        <UsageCount Value="10"/>
      </Unit25>
      <Unit26>
        <Filename Value="CPU8E_Panel.lfm"/>
        <CursorPos X="1" Y="1"/>
        <TopLine Value="1"/>
        <UsageCount Value="10"/>
        <SyntaxHighlighter Value="LFM"/>
      </Unit26>
    </Units>
    <JumpHistory Count="20" HistoryIndex="19">
      <Position1>
        <Filename Value="CPU8E_Main.lpr"/>
        <Caret Line="9" Column="10" TopLine="1"/>
      </Position1>
      <Position2>
        <Filename Value="CPU8E_Panel.pas"/>
        <Caret Line="34" Column="37" TopLine="1"/>
      </Position2>
      <Position3>
        <Filename Value="CPU8E_Panel.pas"/>
        <Caret Line="283" Column="39" TopLine="257"/>
      </Position3>
      <Position4>
        <Filename Value="CPU8E_Panel.pas"/>
        <Caret Line="1" Column="1" TopLine="1"/>
      </Position4>
      <Position5>
        <Filename Value="CPU8E_Panel.pas"/>
        <Caret Line="375" Column="11" TopLine="353"/>
      </Position5>
      <Position6>
        <Filename Value="CPU8E_Panel.pas"/>
        <Caret Line="374" Column="10" TopLine="353"/>
      </Position6>
      <Position7>
        <Filename Value="CPU8E_Panel.pas"/>
        <Caret Line="309" Column="3" TopLine="168"/>
      </Position7>
      <Position8>
        <Filename Value="CPU8E_Panel.pas"/>
        <Caret Line="229" Column="30" TopLine="202"/>
      </Position8>
      <Position9>
        <Filename Value="CPU8E_Control.pas"/>
        <Caret Line="172" Column="11" TopLine="145"/>
      </Position9>
      <Position10>
        <Filename Value="CPU8E_Control.pas"/>
        <Caret Line="348" Column="21" TopLine="324"/>
      </Position10>
      <Position11>
        <Filename Value="CPU8E_Panel.pas"/>
        <Caret Line="262" Column="25" TopLine="247"/>
      </Position11>
      <Position12>
        <Filename Value="CPU8E_Panel.pas"/>
        <Caret Line="1" Column="1" TopLine="1"/>
      </Position12>
      <Position13>
        <Filename Value="CPU8E_Control.pas"/>
        <Caret Line="377" Column="3" TopLine="334"/>
      </Position13>
      <Position14>
        <Filename Value="CPU8E_Control.pas"/>
        <Caret Line="42" Column="16" TopLine="42"/>
      </Position14>
      <Position15>
        <Filename Value="CPU8E_Panel.pas"/>
        <Caret Line="324" Column="25" TopLine="306"/>
      </Position15>
      <Position16>
        <Filename Value="CPU8E_Panel.pas"/>
        <Caret Line="315" Column="50" TopLine="293"/>
      </Position16>
      <Position17>
        <Filename Value="CPU8E_Panel.pas"/>
        <Caret Line="317" Column="38" TopLine="295"/>
      </Position17>
      <Position18>
        <Filename Value="CPU8E_Control.pas"/>
        <Caret Line="449" Column="36" TopLine="431"/>
      </Position18>
      <Position19>
        <Filename Value="CPU8E_Control.pas"/>
        <Caret Line="449" Column="36" TopLine="431"/>
      </Position19>
      <Position20>
        <Filename Value="CPU8E_Panel.pas"/>
        <Caret Line="320" Column="12" TopLine="295"/>
      </Position20>
    </JumpHistory>
  </ProjectOptions>
  <CompilerOptions>
    <Version Value="8"/>
    <PathDelim Value="\"/>
    <Target>
      <Filename Value="CPU-8E"/>
    </Target>
    <SearchPaths>
      <IncludeFiles Value="$(ProjOutDir)\"/>
    </SearchPaths>
    <Parsing>
      <SyntaxOptions>
        <SyntaxMode Value="Delphi"/>
      </SyntaxOptions>
    </Parsing>
    <CodeGeneration>
      <SmartLinkUnit Value="True"/>
      <SmallerCode Value="True"/>
      <Optimizations>
        <VariablesInRegisters Value="True"/>
        <UncertainOptimizations Value="True"/>
        <OptimizationLevel Value="3"/>
      </Optimizations>
    </CodeGeneration>
    <Linking>
      <Debugging>
        <UseLineInfoUnit Value="False"/>
        <StripSymbols Value="True"/>
      </Debugging>
      <LinkSmart Value="True"/>
      <Options>
        <Win32>
          <GraphicApplication Value="True"/>
        </Win32>
      </Options>
    </Linking>
    <Other>
      <ConfigFile>
        <StopAfterErrCount Value="10"/>
      </ConfigFile>
      <CompilerPath Value="$(CompPath)"/>
    </Other>
  </CompilerOptions>
  <Debugging>
    <Exceptions Count="3">
      <Item1>
        <Name Value="EAbort"/>
      </Item1>
      <Item2>
        <Name Value="ECodetoolError"/>
      </Item2>
      <Item3>
        <Name Value="EFOpenError"/>
      </Item3>
    </Exceptions>
  </Debugging>
</CONFIG>
