<?xml version="1.0"?>
<CONFIG>
  <ProjectOptions>
    <PathDelim Value="\"/>
    <Version Value="7"/>
    <General>
      <Flags>
        <SaveClosedFiles Value="False"/>
        <MainUnitHasUsesSectionForAllUnits Value="False"/>
        <AlwaysBuild Value="False"/>
      </Flags>
      <MainUnit Value="0"/>
      <TargetFileExt Value=".exe"/>
      <Title Value="CPU-8E Simulator"/>
      <UseAppBundle Value="False"/>
      <Icon Value="0"/>
      <ActiveWindowIndexAtStart Value="0"/>
    </General>
    <i18n>
      <EnableI18N Value="True"/>
    </i18n>
    <VersionInfo>
      <UseVersionInfo Value="True"/>
      <MajorVersionNr Value="2"/>
      <MinorVersionNr Value="2"/>
      <RevisionNr Value="2"/>
      <BuildNr Value="1"/>
      <Language Value="0416"/>
      <CharSet Value="04B0"/>
      <StringTable Comments="" CompanyName="" FileDescription="8-Bits Educational CPU Simulator" FileVersion="2.2.2.1" InternalName="" LegalCopyright="Joel Guilherme (joel@joelguilherme.com)" LegalTrademarks="GPL" OriginalFilename="" ProductName="CPU-8E-X" ProductVersion="2.2.2.1"/>
    </VersionInfo>
    <PublishOptions>
      <Version Value="2"/>
      <DestinationDirectory Value="\home\joelgs\MyProgs\CPU8E\CPU-8E-v2.2\Published"/>
      <IncludeFileFilter Value="*.(pas|pp|inc|lfm|lpr|lrs|lpi|lpk|sh|xml|txt)"/>
      <UseExcludeFileFilter Value="True"/>
      <ExcludeFileFilter Value="*.(bak|ppu|ppw|o|so);*~;backup"/>
    </PublishOptions>
    <RunParams>
      <local>
        <FormatVersion Value="1"/>
        <LaunchingApplication PathPlusParams="\usr\X11R6\bin\xterm -T 'Lazarus Run Output' -e $(LazarusDir)\tools\runwait.sh $(TargetCmdLine)"/>
      </local>
    </RunParams>
    <RequiredPackages Count="1">
      <Item1>
        <PackageName Value="LCL"/>
      </Item1>
    </RequiredPackages>
    <Units Count="3">
      <Unit0>
        <Filename Value="CPU8E_Main.lpr"/>
        <IsPartOfProject Value="True"/>
        <UnitName Value="CPU8E_Main"/>
        <EditorIndex Value="0"/>
        <WindowIndex Value="0"/>
        <TopLine Value="1"/>
        <CursorPos X="11" Y="8"/>
        <UsageCount Value="21"/>
        <Loaded Value="True"/>
        <DefaultSyntaxHighlighter Value="Delphi"/>
      </Unit0>
      <Unit1>
        <Filename Value="CPU8E_Panel.pas"/>
        <ComponentName Value="frmCPU"/>
        <HasResources Value="True"/>
        <ResourceBaseClass Value="Form"/>
        <UnitName Value="CPU8E_Panel"/>
        <IsVisibleTab Value="True"/>
        <EditorIndex Value="1"/>
        <WindowIndex Value="0"/>
        <TopLine Value="309"/>
        <CursorPos X="38" Y="348"/>
        <UsageCount Value="10"/>
        <Loaded Value="True"/>
        <DefaultSyntaxHighlighter Value="Delphi"/>
      </Unit1>
      <Unit2>
        <Filename Value="CPU8E.pas"/>
        <UnitName Value="CPU8E"/>
        <EditorIndex Value="2"/>
        <WindowIndex Value="0"/>
        <TopLine Value="242"/>
        <CursorPos X="22" Y="156"/>
        <SyntaxHighlighter Value="Delphi"/>
        <UsageCount Value="10"/>
        <Loaded Value="True"/>
        <DefaultSyntaxHighlighter Value="Text"/>
      </Unit2>
    </Units>
    <JumpHistory Count="15" HistoryIndex="14">
      <Position1>
        <Filename Value="CPU8E_Main.lpr"/>
        <Caret Line="8" Column="8" TopLine="1"/>
      </Position1>
      <Position2>
        <Filename Value="CPU8E_Panel.pas"/>
        <Caret Line="836" Column="1" TopLine="793"/>
      </Position2>
      <Position3>
        <Filename Value="CPU8E_Panel.pas"/>
        <Caret Line="1" Column="1" TopLine="1"/>
      </Position3>
      <Position4>
        <Filename Value="CPU8E_Panel.pas"/>
        <Caret Line="238" Column="24" TopLine="216"/>
      </Position4>
      <Position5>
        <Filename Value="CPU8E_Panel.pas"/>
        <Caret Line="74" Column="80" TopLine="46"/>
      </Position5>
      <Position6>
        <Filename Value="CPU8E_Panel.pas"/>
        <Caret Line="75" Column="10" TopLine="46"/>
      </Position6>
      <Position7>
        <Filename Value="CPU8E_Main.lpr"/>
        <Caret Line="8" Column="8" TopLine="1"/>
      </Position7>
      <Position8>
        <Filename Value="CPU8E_Panel.pas"/>
        <Caret Line="58" Column="29" TopLine="58"/>
      </Position8>
      <Position9>
        <Filename Value="CPU8E_Panel.pas"/>
        <Caret Line="322" Column="27" TopLine="300"/>
      </Position9>
      <Position10>
        <Filename Value="CPU8E_Main.lpr"/>
        <Caret Line="19" Column="1" TopLine="1"/>
      </Position10>
      <Position11>
        <Filename Value="CPU8E_Main.lpr"/>
        <Caret Line="6" Column="3" TopLine="1"/>
      </Position11>
      <Position12>
        <Filename Value="CPU8E_Main.lpr"/>
        <Caret Line="12" Column="10" TopLine="1"/>
      </Position12>
      <Position13>
        <Filename Value="CPU8E_Main.lpr"/>
        <Caret Line="14" Column="27" TopLine="1"/>
      </Position13>
      <Position14>
        <Filename Value="CPU8E_Main.lpr"/>
        <Caret Line="8" Column="11" TopLine="1"/>
      </Position14>
      <Position15>
        <Filename Value="CPU8E_Panel.pas"/>
        <Caret Line="348" Column="38" TopLine="309"/>
      </Position15>
    </JumpHistory>
  </ProjectOptions>
  <CompilerOptions>
    <Version Value="8"/>
    <PathDelim Value="\"/>
    <Target>
      <Filename Value="cpu8e"/>
    </Target>
    <SearchPaths>
      <IncludeFiles Value="$(ProjOutDir)\"/>
    </SearchPaths>
    <Parsing>
      <SyntaxOptions>
        <SyntaxMode Value="Delphi"/>
        <CStyleOperator Value="False"/>
        <AllowLabel Value="False"/>
        <CPPInline Value="False"/>
      </SyntaxOptions>
    </Parsing>
    <CodeGeneration>
      <SmartLinkUnit Value="True"/>
      <SmallerCode Value="True"/>
      <TargetCPU Value="i386"/>
      <TargetOS Value="Win32"/>
      <Optimizations>
        <VariablesInRegisters Value="True"/>
        <UncertainOptimizations Value="True"/>
        <OptimizationLevel Value="3"/>
      </Optimizations>
    </CodeGeneration>
    <Linking>
      <Debugging>
        <UseLineInfoUnit Value="False"/>
        <StripSymbols Value="True"/>
      </Debugging>
      <LinkSmart Value="True"/>
      <Options>
        <Win32>
          <GraphicApplication Value="True"/>
        </Win32>
      </Options>
    </Linking>
    <Other>
      <Verbosity>
        <ShowWarn Value="False"/>
        <ShowNotes Value="False"/>
      </Verbosity>
      <ConfigFile>
        <StopAfterErrCount Value="10"/>
      </ConfigFile>
      <CompilerPath Value="$(CompPath)"/>
      <ExecuteBefore>
        <CompileReasons Run="False"/>
      </ExecuteBefore>
      <ExecuteAfter>
        <CompileReasons Run="False"/>
      </ExecuteAfter>
    </Other>
    <CompileReasons Run="False"/>
  </CompilerOptions>
</CONFIG>
