<?xml version="1.0"?>
<CONFIG>
  <ProjectOptions>
    <PathDelim Value="\"/>
    <Version Value="7"/>
    <General>
      <Flags>
        <AlwaysBuild Value="False"/>
      </Flags>
      <MainUnit Value="0"/>
      <TargetFileExt Value=".exe"/>
      <Title Value="CPU-8E"/>
      <UseAppBundle Value="False"/>
      <Icon Value="0"/>
      <UseXPManifest Value="True"/>
      <ActiveEditorIndexAtStart Value="4"/>
    </General>
    <i18n>
      <EnableI18N Value="True"/>
    </i18n>
    <VersionInfo>
      <ProjectVersion Value=""/>
    </VersionInfo>
    <PublishOptions>
      <Version Value="2"/>
      <IgnoreBinaries Value="False"/>
      <IncludeFileFilter Value="*.(pas|pp|inc|lfm|lpr|lrs|lpi|lpk|sh|xml)"/>
      <ExcludeFileFilter Value="*.(bak|ppu|ppw|o|so);*~;backup"/>
    </PublishOptions>
    <RunParams>
      <local>
        <FormatVersion Value="1"/>
        <LaunchingApplication PathPlusParams="/usr/X11R6/bin/xterm -T 'Lazarus Run Output' -e $(LazarusDir)/tools/runwait.sh $(TargetCmdLine)"/>
      </local>
    </RunParams>
    <RequiredPackages Count="1">
      <Item1>
        <PackageName Value="LCL"/>
      </Item1>
    </RequiredPackages>
    <Units Count="21">
      <Unit0>
        <Filename Value="CPU8E_Main.lpr"/>
        <IsPartOfProject Value="True"/>
        <UnitName Value="CPU8E_Main"/>
        <CursorPos X="106" Y="15"/>
        <TopLine Value="1"/>
        <EditorIndex Value="3"/>
        <UsageCount Value="95"/>
        <Loaded Value="True"/>
        <SyntaxHighlighter Value="Delphi"/>
      </Unit0>
      <Unit1>
        <Filename Value="CPU8E_Panel.pas"/>
        <ComponentName Value="frmCPU"/>
        <HasResources Value="True"/>
        <ResourceBaseClass Value="Form"/>
        <UnitName Value="CPU8E_Panel"/>
        <CursorPos X="46" Y="271"/>
        <TopLine Value="240"/>
        <EditorIndex Value="0"/>
        <UsageCount Value="46"/>
        <Loaded Value="True"/>
        <SyntaxHighlighter Value="Delphi"/>
      </Unit1>
      <Unit2>
        <Filename Value="CPU8E_Main.lrs"/>
        <CursorPos X="40" Y="5222"/>
        <TopLine Value="5179"/>
        <UsageCount Value="3"/>
        <SyntaxHighlighter Value="Delphi"/>
      </Unit2>
      <Unit3>
        <Filename Value="Main.pas"/>
        <UnitName Value="CPU8E_Simulator"/>
        <CursorPos X="21" Y="69"/>
        <TopLine Value="54"/>
        <UsageCount Value="38"/>
        <SyntaxHighlighter Value="Delphi"/>
      </Unit3>
      <Unit4>
        <Filename Value="CPU8E_Utils.pas"/>
        <UnitName Value="CPU8e_Utils"/>
        <CursorPos X="19" Y="25"/>
        <TopLine Value="1"/>
        <EditorIndex Value="5"/>
        <UsageCount Value="46"/>
        <Loaded Value="True"/>
        <SyntaxHighlighter Value="Delphi"/>
      </Unit4>
      <Unit5>
        <Filename Value="CPU8E_Oper.pas"/>
        <UnitName Value="CPU8E_Oper"/>
        <CursorPos X="41" Y="83"/>
        <TopLine Value="58"/>
        <EditorIndex Value="4"/>
        <UsageCount Value="46"/>
        <Loaded Value="True"/>
        <SyntaxHighlighter Value="Delphi"/>
      </Unit5>
      <Unit6>
        <Filename Value="CPU8E.pas"/>
        <UnitName Value="CPU8E"/>
        <CursorPos X="19" Y="235"/>
        <TopLine Value="202"/>
        <EditorIndex Value="2"/>
        <UsageCount Value="46"/>
        <Loaded Value="True"/>
        <SyntaxHighlighter Value="Delphi"/>
      </Unit6>
      <Unit7>
        <Filename Value="..\..\..\..\lazarus\lcl\grids.pas"/>
        <UnitName Value="Grids"/>
        <CursorPos X="15" Y="897"/>
        <TopLine Value="875"/>
        <UsageCount Value="6"/>
      </Unit7>
      <Unit8>
        <Filename Value="..\..\..\..\lazarus\lcl\dialogs.pp"/>
        <UnitName Value="Dialogs"/>
        <CursorPos X="10" Y="491"/>
        <TopLine Value="478"/>
        <UsageCount Value="3"/>
      </Unit8>
      <Unit9>
        <Filename Value="CPU8E_Control.pas"/>
        <UnitName Value="CPU8E_Control"/>
        <CursorPos X="5" Y="422"/>
        <TopLine Value="389"/>
        <EditorIndex Value="1"/>
        <UsageCount Value="46"/>
        <Loaded Value="True"/>
        <SyntaxHighlighter Value="Delphi"/>
      </Unit9>
      <Unit10>
        <Filename Value="..\..\..\..\lazarus\lcl\graphics.pp"/>
        <UnitName Value="Graphics"/>
        <CursorPos X="3" Y="250"/>
        <TopLine Value="228"/>
        <UsageCount Value="3"/>
      </Unit10>
      <Unit11>
        <Filename Value="..\..\..\..\lazarus\fpc\2.2.4\source\rtl\objpas\classes\classesh.inc"/>
        <CursorPos X="13" Y="33"/>
        <TopLine Value="11"/>
        <UsageCount Value="3"/>
      </Unit11>
      <Unit12>
        <Filename Value="..\..\..\..\lazarus\fpc\2.2.4\source\rtl\win32\classes.pp"/>
        <UnitName Value="Classes"/>
        <CursorPos X="6" Y="28"/>
        <TopLine Value="6"/>
        <UsageCount Value="3"/>
      </Unit12>
      <Unit13>
        <Filename Value="..\..\..\..\lazarus\fpc\2.2.4\source\rtl\objpas\types.pp"/>
        <UnitName Value="types"/>
        <CursorPos X="13" Y="21"/>
        <TopLine Value="21"/>
        <UsageCount Value="3"/>
      </Unit13>
      <Unit14>
        <Filename Value="..\..\..\..\lazarus\fpc\2.2.4\source\rtl\win32\windows.pp"/>
        <UnitName Value="windows"/>
        <CursorPos X="1" Y="1"/>
        <TopLine Value="25"/>
        <UsageCount Value="3"/>
      </Unit14>
      <Unit15>
        <Filename Value="C:\lazarus\lcl\comctrls.pp"/>
        <UnitName Value="ComCtrls"/>
        <CursorPos X="35" Y="1259"/>
        <TopLine Value="1255"/>
        <UsageCount Value="8"/>
      </Unit15>
      <Unit16>
        <Filename Value="C:\lazarus\lcl\include\progressbar.inc"/>
        <CursorPos X="31" Y="291"/>
        <TopLine Value="290"/>
        <UsageCount Value="8"/>
      </Unit16>
      <Unit17>
        <Filename Value="C:\lazarus\lcl\controls.pp"/>
        <UnitName Value="Controls"/>
        <CursorPos X="21" Y="45"/>
        <TopLine Value="28"/>
        <UsageCount Value="12"/>
      </Unit17>
      <Unit18>
        <Filename Value="C:\lazarus\lcl\include\control.inc"/>
        <CursorPos X="1" Y="4159"/>
        <TopLine Value="4142"/>
        <UsageCount Value="13"/>
      </Unit18>
      <Unit19>
        <Filename Value="C:\lazarus\lcl\forms.pp"/>
        <UnitName Value="Forms"/>
        <CursorPos X="16" Y="721"/>
        <TopLine Value="704"/>
        <UsageCount Value="12"/>
      </Unit19>
      <Unit20>
        <Filename Value="C:\lazarus\lcl\propertystorage.pas"/>
        <UnitName Value="PropertyStorage"/>
        <CursorPos X="39" Y="95"/>
        <TopLine Value="95"/>
        <UsageCount Value="12"/>
      </Unit20>
    </Units>
    <JumpHistory Count="19" HistoryIndex="18">
      <Position1>
        <Filename Value="CPU8E_Panel.pas"/>
        <Caret Line="253" Column="8" TopLine="248"/>
      </Position1>
      <Position2>
        <Filename Value="CPU8E_Panel.pas"/>
        <Caret Line="250" Column="56" TopLine="232"/>
      </Position2>
      <Position3>
        <Filename Value="CPU8E_Panel.pas"/>
        <Caret Line="105" Column="28" TopLine="96"/>
      </Position3>
      <Position4>
        <Filename Value="CPU8E_Panel.pas"/>
        <Caret Line="351" Column="13" TopLine="329"/>
      </Position4>
      <Position5>
        <Filename Value="CPU8E_Panel.pas"/>
        <Caret Line="15" Column="21" TopLine="1"/>
      </Position5>
      <Position6>
        <Filename Value="CPU8E_Panel.pas"/>
        <Caret Line="28" Column="31" TopLine="1"/>
      </Position6>
      <Position7>
        <Filename Value="CPU8E_Panel.pas"/>
        <Caret Line="29" Column="31" TopLine="1"/>
      </Position7>
      <Position8>
        <Filename Value="CPU8E_Panel.pas"/>
        <Caret Line="259" Column="59" TopLine="240"/>
      </Position8>
      <Position9>
        <Filename Value="CPU8E_Panel.pas"/>
        <Caret Line="353" Column="18" TopLine="342"/>
      </Position9>
      <Position10>
        <Filename Value="CPU8E_Panel.pas"/>
        <Caret Line="255" Column="36" TopLine="240"/>
      </Position10>
      <Position11>
        <Filename Value="CPU8E_Panel.pas"/>
        <Caret Line="258" Column="17" TopLine="240"/>
      </Position11>
      <Position12>
        <Filename Value="CPU8E_Oper.pas"/>
        <Caret Line="107" Column="33" TopLine="89"/>
      </Position12>
      <Position13>
        <Filename Value="CPU8E_Control.pas"/>
        <Caret Line="260" Column="62" TopLine="243"/>
      </Position13>
      <Position14>
        <Filename Value="CPU8E.pas"/>
        <Caret Line="128" Column="41" TopLine="123"/>
      </Position14>
      <Position15>
        <Filename Value="CPU8E.pas"/>
        <Caret Line="233" Column="7" TopLine="201"/>
      </Position15>
      <Position16>
        <Filename Value="CPU8E.pas"/>
        <Caret Line="175" Column="11" TopLine="142"/>
      </Position16>
      <Position17>
        <Filename Value="CPU8E.pas"/>
        <Caret Line="234" Column="40" TopLine="201"/>
      </Position17>
      <Position18>
        <Filename Value="CPU8E.pas"/>
        <Caret Line="235" Column="1" TopLine="202"/>
      </Position18>
      <Position19>
        <Filename Value="CPU8E_Oper.pas"/>
        <Caret Line="105" Column="31" TopLine="90"/>
      </Position19>
    </JumpHistory>
  </ProjectOptions>
  <CompilerOptions>
    <Version Value="8"/>
    <PathDelim Value="\"/>
    <Target>
      <Filename Value="CPU-8E"/>
    </Target>
    <SearchPaths>
      <IncludeFiles Value="$(ProjOutDir)\"/>
    </SearchPaths>
    <Parsing>
      <SyntaxOptions>
        <SyntaxMode Value="Delphi"/>
      </SyntaxOptions>
    </Parsing>
    <CodeGeneration>
      <SmartLinkUnit Value="True"/>
      <SmallerCode Value="True"/>
      <Optimizations>
        <VariablesInRegisters Value="True"/>
        <UncertainOptimizations Value="True"/>
      </Optimizations>
    </CodeGeneration>
    <Linking>
      <Debugging>
        <GenerateDebugInfo Value="True"/>
        <UseExternalDbgSyms Value="True"/>
      </Debugging>
      <LinkSmart Value="True"/>
      <Options>
        <Win32>
          <GraphicApplication Value="True"/>
        </Win32>
      </Options>
    </Linking>
    <Other>
      <ConfigFile>
        <StopAfterErrCount Value="10"/>
      </ConfigFile>
      <CompilerPath Value="$(CompPath)"/>
    </Other>
  </CompilerOptions>
  <Debugging>
    <Exceptions Count="3">
      <Item1>
        <Name Value="EAbort"/>
      </Item1>
      <Item2>
        <Name Value="ECodetoolError"/>
      </Item2>
      <Item3>
        <Name Value="EFOpenError"/>
      </Item3>
    </Exceptions>
  </Debugging>
</CONFIG>
